// !$*UTF8*$!
{
	archiveVersion = 1;
	classes = {
	};
	objectVersion = 50;
	objects = {

/* Begin PBXBuildFile section */
		D0ED142F23320B1B00FB51C8 /* main.swift in Sources */ = {isa = PBXBuildFile; fileRef = D0ED142E23320B1B00FB51C8 /* main.swift */; };
		D0ED143623320B4600FB51C8 /* Console.swift in Sources */ = {isa = PBXBuildFile; fileRef = D0ED143523320B4600FB51C8 /* Console.swift */; };
		D0ED143A23320B4D00FB51C8 /* Player.swift in Sources */ = {isa = PBXBuildFile; fileRef = D0ED143723320B4D00FB51C8 /* Player.swift */; };
		D0ED143B23320B4D00FB51C8 /* Util.swift in Sources */ = {isa = PBXBuildFile; fileRef = D0ED143823320B4D00FB51C8 /* Util.swift */; };
		D0ED143C23320B4D00FB51C8 /* PrintPadding.swift in Sources */ = {isa = PBXBuildFile; fileRef = D0ED143923320B4D00FB51C8 /* PrintPadding.swift */; };
		D0ED143E23323C5000FB51C8 /* SongEntry.swift in Sources */ = {isa = PBXBuildFile; fileRef = D0ED143D23323C5000FB51C8 /* SongEntry.swift */; };
		D0ED144023323DC400FB51C8 /* PlayerDirectories.swift in Sources */ = {isa = PBXBuildFile; fileRef = D0ED143F23323DC400FB51C8 /* PlayerDirectories.swift */; };
		D0ED144223323EF100FB51C8 /* PlayerPreferences.swift in Sources */ = {isa = PBXBuildFile; fileRef = D0ED144123323EF100FB51C8 /* PlayerPreferences.swift */; };
/* End PBXBuildFile section */

/* Begin PBXCopyFilesBuildPhase section */
		D0ED142923320B1B00FB51C8 /* CopyFiles */ = {
			isa = PBXCopyFilesBuildPhase;
			buildActionMask = 2147483647;
			dstPath = /usr/share/man/man1/;
			dstSubfolderSpec = 0;
			files = (
			);
			runOnlyForDeploymentPostprocessing = 1;
		};
/* End PBXCopyFilesBuildPhase section */

/* Begin PBXFileReference section */
		D0ED142B23320B1B00FB51C8 /* ConsoleMusicPlayer-macOS */ = {isa = PBXFileReference; explicitFileType = "compiled.mach-o.executable"; includeInIndex = 0; path = "ConsoleMusicPlayer-macOS"; sourceTree = BUILT_PRODUCTS_DIR; };
		D0ED142E23320B1B00FB51C8 /* main.swift */ = {isa = PBXFileReference; lastKnownFileType = sourcecode.swift; path = main.swift; sourceTree = "<group>"; };
		D0ED143523320B4600FB51C8 /* Console.swift */ = {isa = PBXFileReference; fileEncoding = 4; lastKnownFileType = sourcecode.swift; path = Console.swift; sourceTree = "<group>"; };
		D0ED143723320B4D00FB51C8 /* Player.swift */ = {isa = PBXFileReference; fileEncoding = 4; lastKnownFileType = sourcecode.swift; path = Player.swift; sourceTree = "<group>"; };
		D0ED143823320B4D00FB51C8 /* Util.swift */ = {isa = PBXFileReference; fileEncoding = 4; lastKnownFileType = sourcecode.swift; path = Util.swift; sourceTree = "<group>"; };
		D0ED143923320B4D00FB51C8 /* PrintPadding.swift */ = {isa = PBXFileReference; fileEncoding = 4; lastKnownFileType = sourcecode.swift; path = PrintPadding.swift; sourceTree = "<group>"; };
		D0ED143D23323C5000FB51C8 /* SongEntry.swift */ = {isa = PBXFileReference; lastKnownFileType = sourcecode.swift; path = SongEntry.swift; sourceTree = "<group>"; };
		D0ED143F23323DC400FB51C8 /* PlayerDirectories.swift */ = {isa = PBXFileReference; lastKnownFileType = sourcecode.swift; path = PlayerDirectories.swift; sourceTree = "<group>"; };
		D0ED144123323EF100FB51C8 /* PlayerPreferences.swift */ = {isa = PBXFileReference; lastKnownFileType = sourcecode.swift; path = PlayerPreferences.swift; sourceTree = "<group>"; };
/* End PBXFileReference section */

/* Begin PBXFrameworksBuildPhase section */
		D0ED142823320B1B00FB51C8 /* Frameworks */ = {
			isa = PBXFrameworksBuildPhase;
			buildActionMask = 2147483647;
			files = (
			);
			runOnlyForDeploymentPostprocessing = 0;
		};
/* End PBXFrameworksBuildPhase section */

/* Begin PBXGroup section */
		D0ED142223320B1B00FB51C8 = {
			isa = PBXGroup;
			children = (
				D0ED142D23320B1B00FB51C8 /* ConsoleMusicPlayer-macOS */,
				D0ED142C23320B1B00FB51C8 /* Products */,
			);
			sourceTree = "<group>";
		};
		D0ED142C23320B1B00FB51C8 /* Products */ = {
			isa = PBXGroup;
			children = (
				D0ED142B23320B1B00FB51C8 /* ConsoleMusicPlayer-macOS */,
			);
			name = Products;
			sourceTree = "<group>";
		};
		D0ED142D23320B1B00FB51C8 /* ConsoleMusicPlayer-macOS */ = {
			isa = PBXGroup;
			children = (
				D0ED143723320B4D00FB51C8 /* Player.swift */,
				D0ED143923320B4D00FB51C8 /* PrintPadding.swift */,
				D0ED143823320B4D00FB51C8 /* Util.swift */,
				D0ED143523320B4600FB51C8 /* Console.swift */,
				D0ED142E23320B1B00FB51C8 /* main.swift */,
				D0ED143D23323C5000FB51C8 /* SongEntry.swift */,
				D0ED143F23323DC400FB51C8 /* PlayerDirectories.swift */,
				D0ED144123323EF100FB51C8 /* PlayerPreferences.swift */,
			);
			path = "ConsoleMusicPlayer-macOS";
			sourceTree = "<group>";
		};
/* End PBXGroup section */

/* Begin PBXNativeTarget section */
		D0ED142A23320B1B00FB51C8 /* ConsoleMusicPlayer-macOS */ = {
			isa = PBXNativeTarget;
			buildConfigurationList = D0ED143223320B1B00FB51C8 /* Build configuration list for PBXNativeTarget "ConsoleMusicPlayer-macOS" */;
			buildPhases = (
				D0ED142723320B1B00FB51C8 /* Sources */,
				D0ED142823320B1B00FB51C8 /* Frameworks */,
				D0ED142923320B1B00FB51C8 /* CopyFiles */,
			);
			buildRules = (
			);
			dependencies = (
			);
			name = "ConsoleMusicPlayer-macOS";
			productName = "ConsoleMusicPlayer-macOS";
			productReference = D0ED142B23320B1B00FB51C8 /* ConsoleMusicPlayer-macOS */;
			productType = "com.apple.product-type.tool";
		};
/* End PBXNativeTarget section */

/* Begin PBXProject section */
		D0ED142323320B1B00FB51C8 /* Project object */ = {
			isa = PBXProject;
			attributes = {
				LastSwiftUpdateCheck = 1030;
				LastUpgradeCheck = 1030;
				ORGANIZATIONNAME = "Kjetil Kr Solberg";
				TargetAttributes = {
					D0ED142A23320B1B00FB51C8 = {
						CreatedOnToolsVersion = 10.3;
					};
				};
			};
			buildConfigurationList = D0ED142623320B1B00FB51C8 /* Build configuration list for PBXProject "ConsoleMusicPlayer-macOS" */;
			compatibilityVersion = "Xcode 9.3";
			developmentRegion = en;
			hasScannedForEncodings = 0;
			knownRegions = (
				en,
			);
			mainGroup = D0ED142223320B1B00FB51C8;
			productRefGroup = D0ED142C23320B1B00FB51C8 /* Products */;
			projectDirPath = "";
			projectRoot = "";
			targets = (
				D0ED142A23320B1B00FB51C8 /* ConsoleMusicPlayer-macOS */,
			);
		};
/* End PBXProject section */

/* Begin PBXSourcesBuildPhase section */
		D0ED142723320B1B00FB51C8 /* Sources */ = {
			isa = PBXSourcesBuildPhase;
			buildActionMask = 2147483647;
			files = (
				D0ED142F23320B1B00FB51C8 /* main.swift in Sources */,
				D0ED144223323EF100FB51C8 /* PlayerPreferences.swift in Sources */,
				D0ED144023323DC400FB51C8 /* PlayerDirectories.swift in Sources */,
				D0ED143E23323C5000FB51C8 /* SongEntry.swift in Sources */,
				D0ED143A23320B4D00FB51C8 /* Player.swift in Sources */,
				D0ED143623320B4600FB51C8 /* Console.swift in Sources */,
				D0ED143C23320B4D00FB51C8 /* PrintPadding.swift in Sources */,
				D0ED143B23320B4D00FB51C8 /* Util.swift in Sources */,
			);
			runOnlyForDeploymentPostprocessing = 0;
		};
/* End PBXSourcesBuildPhase section */

/* Begin XCBuildConfiguration section */
		D0ED143023320B1B00FB51C8 /* Debug */ = {
			isa = XCBuildConfiguration;
			buildSettings = {
				ALWAYS_SEARCH_USER_PATHS = NO;
				CLANG_ANALYZER_NONNULL = YES;
				CLANG_ANALYZER_NUMBER_OBJECT_CONVERSION = YES_AGGRESSIVE;
				CLANG_CXX_LANGUAGE_STANDARD = "gnu++14";
				CLANG_CXX_LIBRARY = "libc++";
				CLANG_ENABLE_MODULES = YES;
				CLANG_ENABLE_OBJC_ARC = YES;
				CLANG_ENABLE_OBJC_WEAK = YES;
				CLANG_WARN_BLOCK_CAPTURE_AUTORELEASING = YES;
				CLANG_WARN_BOOL_CONVERSION = YES;
				CLANG_WARN_COMMA = YES;
				CLANG_WARN_CONSTANT_CONVERSION = YES;
				CLANG_WARN_DEPRECATED_OBJC_IMPLEMENTATIONS = YES;
				CLANG_WARN_DIRECT_OBJC_ISA_USAGE = YES_ERROR;
				CLANG_WARN_DOCUMENTATION_COMMENTS = YES;
				CLANG_WARN_EMPTY_BODY = YES;
				CLANG_WARN_ENUM_CONVERSION = YES;
				CLANG_WARN_INFINITE_RECURSION = YES;
				CLANG_WARN_INT_CONVERSION = YES;
				CLANG_WARN_NON_LITERAL_NULL_CONVERSION = YES;
				CLANG_WARN_OBJC_IMPLICIT_RETAIN_SELF = YES;
				CLANG_WARN_OBJC_LITERAL_CONVERSION = YES;
				CLANG_WARN_OBJC_ROOT_CLASS = YES_ERROR;
				CLANG_WARN_RANGE_LOOP_ANALYSIS = YES;
				CLANG_WARN_STRICT_PROTOTYPES = YES;
				CLANG_WARN_SUSPICIOUS_MOVE = YES;
				CLANG_WARN_UNGUARDED_AVAILABILITY = YES_AGGRESSIVE;
				CLANG_WARN_UNREACHABLE_CODE = YES;
				CLANG_WARN__DUPLICATE_METHOD_MATCH = YES;
				CODE_SIGN_IDENTITY = "Mac Developer";
				COPY_PHASE_STRIP = NO;
				DEBUG_INFORMATION_FORMAT = dwarf;
				ENABLE_STRICT_OBJC_MSGSEND = YES;
				ENABLE_TESTABILITY = YES;
				GCC_C_LANGUAGE_STANDARD = gnu11;
				GCC_DYNAMIC_NO_PIC = NO;
				GCC_NO_COMMON_BLOCKS = YES;
				GCC_OPTIMIZATION_LEVEL = 0;
				GCC_PREPROCESSOR_DEFINITIONS = (
					"DEBUG=1",
					"$(inherited)",
				);
				GCC_WARN_64_TO_32_BIT_CONVERSION = YES;
				GCC_WARN_ABOUT_RETURN_TYPE = YES_ERROR;
				GCC_WARN_UNDECLARED_SELECTOR = YES;
				GCC_WARN_UNINITIALIZED_AUTOS = YES_AGGRESSIVE;
				GCC_WARN_UNUSED_FUNCTION = YES;
				GCC_WARN_UNUSED_VARIABLE = YES;
				MACOSX_DEPLOYMENT_TARGET = 10.14;
				MTL_ENABLE_DEBUG_INFO = INCLUDE_SOURCE;
				MTL_FAST_MATH = YES;
				ONLY_ACTIVE_ARCH = YES;
				SDKROOT = macosx;
				SWIFT_ACTIVE_COMPILATION_CONDITIONS = DEBUG;
				SWIFT_OPTIMIZATION_LEVEL = "-Onone";
			};
			name = Debug;
		};
		D0ED143123320B1B00FB51C8 /* Release */ = {
			isa = XCBuildConfiguration;
			buildSettings = {
				ALWAYS_SEARCH_USER_PATHS = NO;
				CLANG_ANALYZER_NONNULL = YES;
				CLANG_ANALYZER_NUMBER_OBJECT_CONVERSION = YES_AGGRESSIVE;
				CLANG_CXX_LANGUAGE_STANDARD = "gnu++14";
				CLANG_CXX_LIBRARY = "libc++";
				CLANG_ENABLE_MODULES = YES;
				CLANG_ENABLE_OBJC_ARC = YES;
				CLANG_ENABLE_OBJC_WEAK = YES;
				CLANG_WARN_BLOCK_CAPTURE_AUTORELEASING = YES;
				CLANG_WARN_BOOL_CONVERSION = YES;
				CLANG_WARN_COMMA = YES;
				CLANG_WARN_CONSTANT_CONVERSION = YES;
				CLANG_WARN_DEPRECATED_OBJC_IMPLEMENTATIONS = YES;
				CLANG_WARN_DIRECT_OBJC_ISA_USAGE = YES_ERROR;
				CLANG_WARN_DOCUMENTATION_COMMENTS = YES;
				CLANG_WARN_EMPTY_BODY = YES;
				CLANG_WARN_ENUM_CONVERSION = YES;
				CLANG_WARN_INFINITE_RECURSION = YES;
				CLANG_WARN_INT_CONVERSION = YES;
				CLANG_WARN_NON_LITERAL_NULL_CONVERSION = YES;
				CLANG_WARN_OBJC_IMPLICIT_RETAIN_SELF = YES;
				CLANG_WARN_OBJC_LITERAL_CONVERSION = YES;
				CLANG_WARN_OBJC_ROOT_CLASS = YES_ERROR;
				CLANG_WARN_RANGE_LOOP_ANALYSIS = YES;
				CLANG_WARN_STRICT_PROTOTYPES = YES;
				CLANG_WARN_SUSPICIOUS_MOVE = YES;
				CLANG_WARN_UNGUARDED_AVAILABILITY = YES_AGGRESSIVE;
				CLANG_WARN_UNREACHABLE_CODE = YES;
				CLANG_WARN__DUPLICATE_METHOD_MATCH = YES;
				CODE_SIGN_IDENTITY = "Mac Developer";
				COPY_PHASE_STRIP = NO;
				DEBUG_INFORMATION_FORMAT = "dwarf-with-dsym";
				ENABLE_NS_ASSERTIONS = NO;
				ENABLE_STRICT_OBJC_MSGSEND = YES;
				GCC_C_LANGUAGE_STANDARD = gnu11;
				GCC_NO_COMMON_BLOCKS = YES;
				GCC_WARN_64_TO_32_BIT_CONVERSION = YES;
				GCC_WARN_ABOUT_RETURN_TYPE = YES_ERROR;
				GCC_WARN_UNDECLARED_SELECTOR = YES;
				GCC_WARN_UNINITIALIZED_AUTOS = YES_AGGRESSIVE;
				GCC_WARN_UNUSED_FUNCTION = YES;
				GCC_WARN_UNUSED_VARIABLE = YES;
				MACOSX_DEPLOYMENT_TARGET = 10.14;
				MTL_ENABLE_DEBUG_INFO = NO;
				MTL_FAST_MATH = YES;
				SDKROOT = macosx;
				SWIFT_COMPILATION_MODE = wholemodule;
				SWIFT_OPTIMIZATION_LEVEL = "-O";
			};
			name = Release;
		};
		D0ED143323320B1B00FB51C8 /* Debug */ = {
			isa = XCBuildConfiguration;
			buildSettings = {
				CODE_SIGN_STYLE = Automatic;
				DEVELOPMENT_TEAM = P788A4MVAS;
				PRODUCT_NAME = "$(TARGET_NAME)";
				SWIFT_VERSION = 5.0;
			};
			name = Debug;
		};
		D0ED143423320B1B00FB51C8 /* Release */ = {
			isa = XCBuildConfiguration;
			buildSettings = {
				CODE_SIGN_STYLE = Automatic;
				DEVELOPMENT_TEAM = P788A4MVAS;
				PRODUCT_NAME = "$(TARGET_NAME)";
				SWIFT_VERSION = 5.0;
			};
			name = Release;
		};
/* End XCBuildConfiguration section */

/* Begin XCConfigurationList section */
		D0ED142623320B1B00FB51C8 /* Build configuration list for PBXProject "ConsoleMusicPlayer-macOS" */ = {
			isa = XCConfigurationList;
			buildConfigurations = (
				D0ED143023320B1B00FB51C8 /* Debug */,
				D0ED143123320B1B00FB51C8 /* Release */,
			);
			defaultConfigurationIsVisible = 0;
			defaultConfigurationName = Release;
		};
		D0ED143223320B1B00FB51C8 /* Build configuration list for PBXNativeTarget "ConsoleMusicPlayer-macOS" */ = {
			isa = XCConfigurationList;
			buildConfigurations = (
				D0ED143323320B1B00FB51C8 /* Debug */,
				D0ED143423320B1B00FB51C8 /* Release */,
			);
			defaultConfigurationIsVisible = 0;
			defaultConfigurationName = Release;
		};
/* End XCConfigurationList section */
	};
	rootObject = D0ED142323320B1B00FB51C8 /* Project object */;
}
